#MicroXplorer Configuration settings - do not modify
FREERTOS.FootprintOK=true
FREERTOS.IPParameters=Tasks01,FootprintOK
FREERTOS.Tasks01=defaultTask,0,128,StartDefaultTask,Default,NULL,Dynamic,NULL,NULL;RecvProcesTask,0,128,StartTaskRecvProcess,Default,NULL,Dynamic,NULL,NULL;WaterControlTas,0,128,StartTaskWaterControl,Default,NULL,Dynamic,NULL,NULL
File.Version=6
KeepUserPlacement=false
Mcu.Family=STM32F4
Mcu.IP0=FREERTOS
Mcu.IP1=NVIC
Mcu.IP2=RCC
Mcu.IP3=SYS
Mcu.IP4=TIM2
Mcu.IP5=TIM3
Mcu.IP6=USART2
Mcu.IPNb=7
Mcu.Name=STM32F407V(E-G)Tx
Mcu.Package=LQFP100
Mcu.Pin0=PE2
Mcu.Pin1=PE3
Mcu.Pin10=PC2
Mcu.Pin11=PC3
Mcu.Pin12=PA3
Mcu.Pin13=PA4
Mcu.Pin14=PD13
Mcu.Pin15=PD14
Mcu.Pin16=PD15
Mcu.Pin17=PC6
Mcu.Pin18=PC7
Mcu.Pin19=PC8
Mcu.Pin2=PE4
Mcu.Pin20=PC9
Mcu.Pin21=PA8
Mcu.Pin22=PA9
Mcu.Pin23=PA10
Mcu.Pin24=PD0
Mcu.Pin25=PD1
Mcu.Pin26=PD2
Mcu.Pin27=PD3
Mcu.Pin28=PD5
Mcu.Pin29=PD6
Mcu.Pin3=PE5
Mcu.Pin30=PE0
Mcu.Pin31=PE1
Mcu.Pin32=VP_FREERTOS_VS_CMSIS_V1
Mcu.Pin33=VP_SYS_VS_Systick
Mcu.Pin34=VP_TIM2_VS_ClockSourceINT
Mcu.Pin35=VP_TIM2_VS_no_output1
Mcu.Pin36=VP_TIM3_VS_ClockSourceINT
Mcu.Pin4=PE6
Mcu.Pin5=PC13-ANTI_TAMP
Mcu.Pin6=PC14-OSC32_IN
Mcu.Pin7=PC15-OSC32_OUT
Mcu.Pin8=PH0-OSC_IN
Mcu.Pin9=PH1-OSC_OUT
Mcu.PinsNb=37
Mcu.ThirdPartyNb=0
Mcu.UserConstants=
Mcu.UserName=STM32F407VETx
MxCube.Version=5.4.0
MxDb.Version=DB.5.0.40
NVIC.BusFault_IRQn=true\:0\:0\:false\:false\:true\:false\:false\:false
NVIC.DebugMonitor_IRQn=true\:0\:0\:false\:false\:true\:false\:false\:false
NVIC.ForceEnableDMAVector=true
NVIC.HardFault_IRQn=true\:0\:0\:false\:false\:true\:false\:false\:false
NVIC.MemoryManagement_IRQn=true\:0\:0\:false\:false\:true\:false\:false\:false
NVIC.NonMaskableInt_IRQn=true\:0\:0\:false\:false\:true\:false\:false\:false
NVIC.PendSV_IRQn=true\:15\:0\:false\:false\:false\:true\:false\:false
NVIC.PriorityGroup=NVIC_PRIORITYGROUP_4
NVIC.SVCall_IRQn=true\:0\:0\:false\:false\:false\:false\:false\:false
NVIC.SysTick_IRQn=true\:15\:0\:false\:false\:true\:true\:false\:true
NVIC.TIM2_IRQn=true\:5\:0\:false\:false\:true\:true\:true\:true
NVIC.TIM3_IRQn=true\:5\:0\:false\:false\:true\:true\:true\:true
NVIC.USART2_IRQn=true\:5\:0\:false\:false\:true\:true\:true\:true
NVIC.UsageFault_IRQn=true\:0\:0\:false\:false\:true\:false\:false\:false
PA10.GPIOParameters=GPIO_Label
PA10.GPIO_Label=GPIO_Input_ARM_BACK_J3
PA10.Locked=true
PA10.Signal=GPIO_Input
PA3.GPIOParameters=GPIO_Label
PA3.GPIO_Label=GPIO_Input_SENSOR_OUT1_P30
PA3.Locked=true
PA3.Signal=GPIO_Input
PA4.GPIOParameters=GPIO_Label
PA4.GPIO_Label=GPIO_Input_SENSOR_OUT2_P31
PA4.Locked=true
PA4.Signal=GPIO_Input
PA8.GPIOParameters=PinState,GPIO_Label
PA8.GPIO_Label=GPIO_Output_LED1_P5
PA8.Locked=true
PA8.PinState=GPIO_PIN_RESET
PA8.Signal=GPIO_Output
PA9.GPIOParameters=GPIO_Label
PA9.GPIO_Label=GPIO_Output_ARM_CONT_J3
PA9.Locked=true
PA9.Signal=GPIO_Output
PC13-ANTI_TAMP.GPIOParameters=GPIO_Label
PC13-ANTI_TAMP.GPIO_Label=GPIO_Input_KEY_CON4_P22
PC13-ANTI_TAMP.Locked=true
PC13-ANTI_TAMP.Signal=GPIO_Input
PC14-OSC32_IN.GPIOParameters=GPIO_Label
PC14-OSC32_IN.GPIO_Label=GPIO_Input_ARM_BACK_P23
PC14-OSC32_IN.Locked=true
PC14-OSC32_IN.Signal=GPIO_Input
PC15-OSC32_OUT.GPIOParameters=GPIO_Label
PC15-OSC32_OUT.GPIO_Label=GPIO_Output_ARM_CONT_P24
PC15-OSC32_OUT.Locked=true
PC15-OSC32_OUT.Signal=GPIO_Output
PC2.GPIOParameters=GPIO_Label
PC2.GPIO_Label=GPIO_Input_DET5_P28
PC2.Locked=true
PC2.Signal=GPIO_Input
PC3.GPIOParameters=GPIO_Label
PC3.GPIO_Label=GPIO_Input_DET6_P29
PC3.Locked=true
PC3.Signal=GPIO_Input
PC6.GPIOParameters=PinState,GPIO_Label
PC6.GPIO_Label=GPIO_Output_LED5_P10
PC6.Locked=true
PC6.PinState=GPIO_PIN_RESET
PC6.Signal=GPIO_Output
PC7.GPIOParameters=PinState,GPIO_Label
PC7.GPIO_Label=GPIO_Output_LED4_P9
PC7.Locked=true
PC7.PinState=GPIO_PIN_RESET
PC7.Signal=GPIO_Output
PC8.GPIOParameters=GPIO_Label
PC8.GPIO_Label=GPIO_Output_LED3_P8
PC8.Locked=true
PC8.Signal=GPIO_Output
PC9.GPIOParameters=GPIO_Label
PC9.GPIO_Label=GPIO_Output_Projection_P7
PC9.Locked=true
PC9.Signal=GPIO_Output
PCC.Checker=false
PCC.Line=STM32F407/417
PCC.MCU=STM32F407V(E-G)Tx
PCC.PartNumber=STM32F407VETx
PCC.Seq0=0
PCC.Series=STM32F4
PCC.Temperature=25
PCC.Vdd=3.3
PD0.GPIOParameters=GPIO_Label
PD0.GPIO_Label=GPIO_Output_Power_DR4_P25
PD0.Locked=true
PD0.Signal=GPIO_Output
PD1.GPIOParameters=GPIO_Label
PD1.GPIO_Label=GPIO_Output_Power_DR3_P4
PD1.Locked=true
PD1.Signal=GPIO_Output
PD13.GPIOParameters=PinState,GPIO_Label
PD13.GPIO_Label=GPIO_Output_LED8_P14
PD13.Locked=true
PD13.PinState=GPIO_PIN_RESET
PD13.Signal=GPIO_Output
PD14.GPIOParameters=PinState,GPIO_Label
PD14.GPIO_Label=GPIO_Output_LED7_P13
PD14.Locked=true
PD14.PinState=GPIO_PIN_RESET
PD14.Signal=GPIO_Output
PD15.GPIOParameters=PinState,GPIO_Label
PD15.GPIO_Label=GPIO_Output_LED6_P12
PD15.Locked=true
PD15.PinState=GPIO_PIN_RESET
PD15.Signal=GPIO_Output
PD2.GPIOParameters=GPIO_Label
PD2.GPIO_Label=GPIO_Output_Power_DR2_P26
PD2.Locked=true
PD2.Signal=GPIO_Output
PD3.GPIOParameters=GPIO_Label
PD3.GPIO_Label=GPIO_Output_Power_DR1_P27
PD3.Locked=true
PD3.Signal=GPIO_Output
PD5.Locked=true
PD5.Mode=Asynchronous
PD5.Signal=USART2_TX
PD6.Locked=true
PD6.Mode=Asynchronous
PD6.Signal=USART2_RX
PE0.GPIOParameters=GPIO_Label
PE0.GPIO_Label=GPIO_Input_DET1_P15
PE0.Locked=true
PE0.Signal=GPIO_Input
PE1.GPIOParameters=GPIO_Label
PE1.GPIO_Label=GPIO_Input_DET2_P16
PE1.Locked=true
PE1.Signal=GPIO_Input
PE2.GPIOParameters=GPIO_Label
PE2.GPIO_Label=GPIO_Input_DET3_P17
PE2.Locked=true
PE2.Signal=GPIO_Input
PE3.GPIOParameters=GPIO_Label
PE3.GPIO_Label=GPIO_Input_DET4_P18
PE3.Locked=true
PE3.Signal=GPIO_Input
PE4.GPIOParameters=GPIO_Label
PE4.GPIO_Label=GPIO_Input_KEY_CON1_P19
PE4.Locked=true
PE4.Signal=GPIO_Input
PE5.GPIOParameters=GPIO_Label
PE5.GPIO_Label=GPIO_Input_KEY_CON2_P20
PE5.Locked=true
PE5.Signal=GPIO_Input
PE6.GPIOParameters=GPIO_Label
PE6.GPIO_Label=GPIO_Input_KEY_CON3_P21
PE6.Locked=true
PE6.Signal=GPIO_Input
PH0-OSC_IN.Mode=HSE-External-Oscillator
PH0-OSC_IN.Signal=RCC_OSC_IN
PH1-OSC_OUT.Mode=HSE-External-Oscillator
PH1-OSC_OUT.Signal=RCC_OSC_OUT
PinOutPanel.RotationAngle=0
ProjectManager.AskForMigrate=true
ProjectManager.BackupPrevious=false
ProjectManager.CompilerOptimize=6
ProjectManager.ComputerToolchain=false
ProjectManager.CoupleFile=true
ProjectManager.CustomerFirmwarePackage=
ProjectManager.DefaultFWLocation=true
ProjectManager.DeletePrevious=true
ProjectManager.DeviceId=STM32F407VETx
ProjectManager.FirmwarePackage=STM32Cube FW_F4 V1.24.1
ProjectManager.FreePins=false
ProjectManager.HalAssertFull=false
ProjectManager.HeapSize=0x200
ProjectManager.KeepUserCode=true
ProjectManager.LastFirmware=false
ProjectManager.LibraryCopy=0
ProjectManager.MainLocation=Src
ProjectManager.NoMain=false
ProjectManager.PreviousToolchain=
ProjectManager.ProjectBuild=false
ProjectManager.ProjectFileName=CubeMx_Water_Control_VET.ioc
ProjectManager.ProjectName=CubeMx_Water_Control_VET
ProjectManager.StackSize=0x400
ProjectManager.TargetToolchain=MDK-ARM V5.27
ProjectManager.ToolChainLocation=
ProjectManager.UnderRoot=false
ProjectManager.functionlistsort=1-MX_GPIO_Init-GPIO-false-HAL-true,2-SystemClock_Config-RCC-false-HAL-false,3-MX_TIM2_Init-TIM2-false-HAL-true,4-MX_TIM3_Init-TIM3-false-HAL-true,5-MX_USART2_UART_Init-USART2-false-HAL-true
RCC.48MHZClocksFreq_Value=84000000
RCC.AHBFreq_Value=168000000
RCC.APB1CLKDivider=RCC_HCLK_DIV4
RCC.APB1Freq_Value=42000000
RCC.APB1TimFreq_Value=84000000
RCC.APB2CLKDivider=RCC_HCLK_DIV2
RCC.APB2Freq_Value=84000000
RCC.APB2TimFreq_Value=168000000
RCC.CortexFreq_Value=168000000
RCC.EthernetFreq_Value=168000000
RCC.FCLKCortexFreq_Value=168000000
RCC.FamilyName=M
RCC.HCLKFreq_Value=168000000
RCC.HSE_VALUE=25000000
RCC.HSI_VALUE=16000000
RCC.I2SClocksFreq_Value=192000000
RCC.IPParameters=48MHZClocksFreq_Value,AHBFreq_Value,APB1CLKDivider,APB1Freq_Value,APB1TimFreq_Value,APB2CLKDivider,APB2Freq_Value,APB2TimFreq_Value,CortexFreq_Value,EthernetFreq_Value,FCLKCortexFreq_Value,FamilyName,HCLKFreq_Value,HSE_VALUE,HSI_VALUE,I2SClocksFreq_Value,LSE_VALUE,LSI_VALUE,MCO2PinFreq_Value,PLLCLKFreq_Value,PLLM,PLLN,PLLQCLKFreq_Value,RTCFreq_Value,RTCHSEDivFreq_Value,SYSCLKFreq_VALUE,SYSCLKSource,VCOI2SOutputFreq_Value,VCOInputFreq_Value,VCOOutputFreq_Value,VcooutputI2S
RCC.LSE_VALUE=32768
RCC.LSI_VALUE=32000
RCC.MCO2PinFreq_Value=168000000
RCC.PLLCLKFreq_Value=168000000
RCC.PLLM=8
RCC.PLLN=168
RCC.PLLQCLKFreq_Value=84000000
RCC.RTCFreq_Value=32000
RCC.RTCHSEDivFreq_Value=12500000
RCC.SYSCLKFreq_VALUE=168000000
RCC.SYSCLKSource=RCC_SYSCLKSOURCE_PLLCLK
RCC.VCOI2SOutputFreq_Value=384000000
RCC.VCOInputFreq_Value=2000000
RCC.VCOOutputFreq_Value=336000000
RCC.VcooutputI2S=192000000
TIM2.Channel-Output\ Compare1\ No\ Output=TIM_CHANNEL_1
TIM2.IPParameters=Channel-Output Compare1 No Output,Prescaler,Period,Pulse-Output Compare1 No Output
TIM2.Period=35
TIM2.Prescaler=9600-1
TIM2.Pulse-Output\ Compare1\ No\ Output=50
TIM3.IPParameters=Prescaler,Period
TIM3.Period=99
TIM3.Prescaler=16800-1
USART2.BaudRate=9600
USART2.IPParameters=VirtualMode,BaudRate
USART2.VirtualMode=VM_ASYNC
VP_FREERTOS_VS_CMSIS_V1.Mode=CMSIS_V1
VP_FREERTOS_VS_CMSIS_V1.Signal=FREERTOS_VS_CMSIS_V1
VP_SYS_VS_Systick.Mode=SysTick
VP_SYS_VS_Systick.Signal=SYS_VS_Systick
VP_TIM2_VS_ClockSourceINT.Mode=Internal
VP_TIM2_VS_ClockSourceINT.Signal=TIM2_VS_ClockSourceINT
VP_TIM2_VS_no_output1.Mode=Output Compare1 No Output
VP_TIM2_VS_no_output1.Signal=TIM2_VS_no_output1
VP_TIM3_VS_ClockSourceINT.Mode=Internal
VP_TIM3_VS_ClockSourceINT.Signal=TIM3_VS_ClockSourceINT
board=custom
